
Microsoft Visual Studio Solution File, Format Version 12.00
# Visual Studio Version 17
VisualStudioVersion = 17.0.31903.59
MinimumVisualStudioVersion = 10.0.40219.1
Project("{FAE04EC0-301F-11D3-BF4B-00C04F79EFBC}") = "BinaryCore", "BinaryCore\BinaryCore.csproj", "{EE1CB8D7-7B1B-4456-9A31-9FE216C50CD0}"
EndProject
Project("{FAE04EC0-301F-11D3-BF4B-00C04F79EFBC}") = "BinaryCli", "BinaryCli\BinaryCli.csproj", "{FABC5E59-DEA0-4E16-BCC5-B90D4B09BA66}"
EndProject
Project("{FAE04EC0-301F-11D3-BF4B-00C04F79EFBC}") = "BinaryApi", "BinaryApi\BinaryApi.csproj", "{03EC22A2-213A-4648-8EB6-42A20EDF756F}"
EndProject
Global
	GlobalSection(SolutionConfigurationPlatforms) = preSolution
		Debug|Any CPU = Debug|Any CPU
		Release|Any CPU = Release|Any CPU
	EndGlobalSection
	GlobalSection(SolutionProperties) = preSolution
		HideSolutionNode = FALSE
	EndGlobalSection
	GlobalSection(ProjectConfigurationPlatforms) = postSolution
		{EE1CB8D7-7B1B-4456-9A31-9FE216C50CD0}.Debug|Any CPU.ActiveCfg = Debug|Any CPU
		{EE1CB8D7-7B1B-4456-9A31-9FE216C50CD0}.Debug|Any CPU.Build.0 = Debug|Any CPU
		{EE1CB8D7-7B1B-4456-9A31-9FE216C50CD0}.Release|Any CPU.ActiveCfg = Release|Any CPU
		{EE1CB8D7-7B1B-4456-9A31-9FE216C50CD0}.Release|Any CPU.Build.0 = Release|Any CPU
		{FABC5E59-DEA0-4E16-BCC5-B90D4B09BA66}.Debug|Any CPU.ActiveCfg = Debug|Any CPU
		{FABC5E59-DEA0-4E16-BCC5-B90D4B09BA66}.Debug|Any CPU.Build.0 = Debug|Any CPU
		{FABC5E59-DEA0-4E16-BCC5-B90D4B09BA66}.Release|Any CPU.ActiveCfg = Release|Any CPU
		{FABC5E59-DEA0-4E16-BCC5-B90D4B09BA66}.Release|Any CPU.Build.0 = Release|Any CPU
		{03EC22A2-213A-4648-8EB6-42A20EDF756F}.Debug|Any CPU.ActiveCfg = Debug|Any CPU
		{03EC22A2-213A-4648-8EB6-42A20EDF756F}.Debug|Any CPU.Build.0 = Debug|Any CPU
		{03EC22A2-213A-4648-8EB6-42A20EDF756F}.Release|Any CPU.ActiveCfg = Release|Any CPU
		{03EC22A2-213A-4648-8EB6-42A20EDF756F}.Release|Any CPU.Build.0 = Release|Any CPU
	EndGlobalSection
EndGlobal
